
Microsoft Visual Studio Solution File, Format Version 12.00
# Visual Studio Version 16
VisualStudioVersion = 16.0.30907.101
MinimumVisualStudioVersion = 10.0.40219.1
Project("{FAE04EC0-301F-11D3-BF4B-00C04F79EFBC}") = "PaymentAPI", "PaymentAPI\PaymentAPI.csproj", "{B65875AC-3922-4AD6-865D-14A9B7662C68}"
EndProject
Global
	GlobalSection(SolutionConfigurationPlatforms) = preSolution
		Debug|Any CPU = Debug|Any CPU
		Release|Any CPU = Release|Any CPU
	EndGlobalSection
	GlobalSection(ProjectConfigurationPlatforms) = postSolution
		{B65875AC-3922-4AD6-865D-14A9B7662C68}.Debug|Any CPU.ActiveCfg = Debug|Any CPU
		{B65875AC-3922-4AD6-865D-14A9B7662C68}.Debug|Any CPU.Build.0 = Debug|Any CPU
		{B65875AC-3922-4AD6-865D-14A9B7662C68}.Release|Any CPU.ActiveCfg = Release|Any CPU
		{B65875AC-3922-4AD6-865D-14A9B7662C68}.Release|Any CPU.Build.0 = Release|Any CPU
	EndGlobalSection
	GlobalSection(SolutionProperties) = preSolution
		HideSolutionNode = FALSE
	EndGlobalSection
	GlobalSection(ExtensibilityGlobals) = postSolution
		SolutionGuid = {FE2B3203-ECFA-4630-927C-5FE3D936AD93}
	EndGlobalSection
EndGlobal
